
Microsoft Visual Studio Solution File, Format Version 12.00
# Visual Studio Version 16
VisualStudioVersion = 16.0.29709.97
MinimumVisualStudioVersion = 10.0.40219.1
Project("{FAE04EC0-301F-11D3-BF4B-00C04F79EFBC}") = "My2ndConsoleApp", "My2ndConsoleApp\My2ndConsoleApp.csproj", "{51704C78-C580-49D2-860D-0F5EB9ECDBD4}"
EndProject
Global
	GlobalSection(SolutionConfigurationPlatforms) = preSolution
		Debug|Any CPU = Debug|Any CPU
		Release|Any CPU = Release|Any CPU
	EndGlobalSection
	GlobalSection(ProjectConfigurationPlatforms) = postSolution
		{51704C78-C580-49D2-860D-0F5EB9ECDBD4}.Debug|Any CPU.ActiveCfg = Debug|Any CPU
		{51704C78-C580-49D2-860D-0F5EB9ECDBD4}.Debug|Any CPU.Build.0 = Debug|Any CPU
		{51704C78-C580-49D2-860D-0F5EB9ECDBD4}.Release|Any CPU.ActiveCfg = Release|Any CPU
		{51704C78-C580-49D2-860D-0F5EB9ECDBD4}.Release|Any CPU.Build.0 = Release|Any CPU
	EndGlobalSection
	GlobalSection(SolutionProperties) = preSolution
		HideSolutionNode = FALSE
	EndGlobalSection
	GlobalSection(ExtensibilityGlobals) = postSolution
		SolutionGuid = {CD8C9EF9-585B-4EA4-92E5-146F553D30DA}
	EndGlobalSection
EndGlobal
